
Microsoft Visual Studio Solution File, Format Version 12.00
# Visual Studio 15
VisualStudioVersion = 15.0.28307.1022
MinimumVisualStudioVersion = 10.0.40219.1
Project("{FAE04EC0-301F-11D3-BF4B-00C04F79EFBC}") = "SimpleApp", "SimpleApp\SimpleApp.csproj", "{978D0B55-F6BF-4FF1-B2F5-FD26C7AA5B96}"
EndProject
Project("{FAE04EC0-301F-11D3-BF4B-00C04F79EFBC}") = "HRMSLibrary", "HRMSLibrary\HRMSLibrary.csproj", "{AF8172B2-96A9-4172-8893-797F592E64FD}"
EndProject
Global
	GlobalSection(SolutionConfigurationPlatforms) = preSolution
		Debug|Any CPU = Debug|Any CPU
		Release|Any CPU = Release|Any CPU
	EndGlobalSection
	GlobalSection(ProjectConfigurationPlatforms) = postSolution
		{978D0B55-F6BF-4FF1-B2F5-FD26C7AA5B96}.Debug|Any CPU.ActiveCfg = Debug|Any CPU
		{978D0B55-F6BF-4FF1-B2F5-FD26C7AA5B96}.Debug|Any CPU.Build.0 = Debug|Any CPU
		{978D0B55-F6BF-4FF1-B2F5-FD26C7AA5B96}.Release|Any CPU.ActiveCfg = Release|Any CPU
		{978D0B55-F6BF-4FF1-B2F5-FD26C7AA5B96}.Release|Any CPU.Build.0 = Release|Any CPU
		{AF8172B2-96A9-4172-8893-797F592E64FD}.Debug|Any CPU.ActiveCfg = Debug|Any CPU
		{AF8172B2-96A9-4172-8893-797F592E64FD}.Debug|Any CPU.Build.0 = Debug|Any CPU
		{AF8172B2-96A9-4172-8893-797F592E64FD}.Release|Any CPU.ActiveCfg = Release|Any CPU
		{AF8172B2-96A9-4172-8893-797F592E64FD}.Release|Any CPU.Build.0 = Release|Any CPU
	EndGlobalSection
	GlobalSection(SolutionProperties) = preSolution
		HideSolutionNode = FALSE
	EndGlobalSection
	GlobalSection(ExtensibilityGlobals) = postSolution
		SolutionGuid = {EAB56370-28E2-409C-A124-9D4D2B1BAFB5}
	EndGlobalSection
EndGlobal
