
Microsoft Visual Studio Solution File, Format Version 12.00
# Visual Studio 15
VisualStudioVersion = 15.0.28307.1022
MinimumVisualStudioVersion = 10.0.40219.1
Project("{FAE04EC0-301F-11D3-BF4B-00C04F79EFBC}") = "FirstProjectConsoleApp", "FirstProjectConsoleApp\FirstProjectConsoleApp.csproj", "{B2507585-94B1-476E-86F7-34EE990AC607}"
	ProjectSection(ProjectDependencies) = postProject
		{414F5A14-AE44-4643-8B79-D2EEBBF0A83B} = {414F5A14-AE44-4643-8B79-D2EEBBF0A83B}
	EndProjectSection
EndProject
Project("{FAE04EC0-301F-11D3-BF4B-00C04F79EFBC}") = "MathsLibrary", "MathsLibrary\MathsLibrary.csproj", "{414F5A14-AE44-4643-8B79-D2EEBBF0A83B}"
EndProject
Global
	GlobalSection(SolutionConfigurationPlatforms) = preSolution
		Debug|Any CPU = Debug|Any CPU
		Release|Any CPU = Release|Any CPU
	EndGlobalSection
	GlobalSection(ProjectConfigurationPlatforms) = postSolution
		{B2507585-94B1-476E-86F7-34EE990AC607}.Debug|Any CPU.ActiveCfg = Debug|Any CPU
		{B2507585-94B1-476E-86F7-34EE990AC607}.Debug|Any CPU.Build.0 = Debug|Any CPU
		{B2507585-94B1-476E-86F7-34EE990AC607}.Release|Any CPU.ActiveCfg = Release|Any CPU
		{B2507585-94B1-476E-86F7-34EE990AC607}.Release|Any CPU.Build.0 = Release|Any CPU
		{414F5A14-AE44-4643-8B79-D2EEBBF0A83B}.Debug|Any CPU.ActiveCfg = Debug|Any CPU
		{414F5A14-AE44-4643-8B79-D2EEBBF0A83B}.Debug|Any CPU.Build.0 = Debug|Any CPU
		{414F5A14-AE44-4643-8B79-D2EEBBF0A83B}.Release|Any CPU.ActiveCfg = Release|Any CPU
		{414F5A14-AE44-4643-8B79-D2EEBBF0A83B}.Release|Any CPU.Build.0 = Release|Any CPU
	EndGlobalSection
	GlobalSection(SolutionProperties) = preSolution
		HideSolutionNode = FALSE
	EndGlobalSection
	GlobalSection(ExtensibilityGlobals) = postSolution
		SolutionGuid = {CC2A8275-2F27-4EA8-AAD6-C14FD3CBFAAD}
	EndGlobalSection
EndGlobal
