
Microsoft Visual Studio Solution File, Format Version 12.00
# Visual Studio 15
VisualStudioVersion = 15.0.28307.1022
MinimumVisualStudioVersion = 10.0.40219.1
Project("{FAE04EC0-301F-11D3-BF4B-00C04F79EFBC}") = "ConsoleApp1", "ConsoleApp1\ConsoleApp1.csproj", "{71AD5225-FBEB-470E-9251-E23D71F7942C}"
EndProject
Global
	GlobalSection(SolutionConfigurationPlatforms) = preSolution
		Debug|Any CPU = Debug|Any CPU
		Release|Any CPU = Release|Any CPU
	EndGlobalSection
	GlobalSection(ProjectConfigurationPlatforms) = postSolution
		{71AD5225-FBEB-470E-9251-E23D71F7942C}.Debug|Any CPU.ActiveCfg = Debug|Any CPU
		{71AD5225-FBEB-470E-9251-E23D71F7942C}.Debug|Any CPU.Build.0 = Debug|Any CPU
		{71AD5225-FBEB-470E-9251-E23D71F7942C}.Release|Any CPU.ActiveCfg = Release|Any CPU
		{71AD5225-FBEB-470E-9251-E23D71F7942C}.Release|Any CPU.Build.0 = Release|Any CPU
	EndGlobalSection
	GlobalSection(SolutionProperties) = preSolution
		HideSolutionNode = FALSE
	EndGlobalSection
	GlobalSection(ExtensibilityGlobals) = postSolution
		SolutionGuid = {4232311D-ED24-4E49-8404-6B667E7A6AE6}
	EndGlobalSection
EndGlobal
