
Microsoft Visual Studio Solution File, Format Version 12.00
# Visual Studio 15
VisualStudioVersion = 15.0.28307.1022
MinimumVisualStudioVersion = 10.0.40219.1
Project("{FAE04EC0-301F-11D3-BF4B-00C04F79EFBC}") = "DataTypesDemo", "DataTypesDemo\DataTypesDemo.csproj", "{46EE909B-196E-4450-B123-1E4BE40CD059}"
EndProject
Global
	GlobalSection(SolutionConfigurationPlatforms) = preSolution
		Debug|Any CPU = Debug|Any CPU
		Release|Any CPU = Release|Any CPU
	EndGlobalSection
	GlobalSection(ProjectConfigurationPlatforms) = postSolution
		{46EE909B-196E-4450-B123-1E4BE40CD059}.Debug|Any CPU.ActiveCfg = Debug|Any CPU
		{46EE909B-196E-4450-B123-1E4BE40CD059}.Debug|Any CPU.Build.0 = Debug|Any CPU
		{46EE909B-196E-4450-B123-1E4BE40CD059}.Release|Any CPU.ActiveCfg = Release|Any CPU
		{46EE909B-196E-4450-B123-1E4BE40CD059}.Release|Any CPU.Build.0 = Release|Any CPU
	EndGlobalSection
	GlobalSection(SolutionProperties) = preSolution
		HideSolutionNode = FALSE
	EndGlobalSection
	GlobalSection(ExtensibilityGlobals) = postSolution
		SolutionGuid = {19609862-F5B5-4638-BD63-C47EB8E6123B}
	EndGlobalSection
EndGlobal
